// !$*UTF8*$!
{
	archiveVersion = 1;
	classes = {
	};
	objectVersion = 56;
	objects = {

/* Begin PBXBuildFile section */
		5FC669A62B0FAB2800999768 /* light_switchApp.swift in Sources */ = {isa = PBXBuildFile; fileRef = 5FC669A52B0FAB2800999768 /* light_switchApp.swift */; };
		5FC669A82B0FAB2800999768 /* ContentView.swift in Sources */ = {isa = PBXBuildFile; fileRef = 5FC669A72B0FAB2800999768 /* ContentView.swift */; };
		5FC669AA2B0FAB2800999768 /* Item.swift in Sources */ = {isa = PBXBuildFile; fileRef = 5FC669A92B0FAB2800999768 /* Item.swift */; };
		5FC669AC2B0FAB2900999768 /* Assets.xcassets in Resources */ = {isa = PBXBuildFile; fileRef = 5FC669AB2B0FAB2900999768 /* Assets.xcassets */; };
		5FC669AF2B0FAB2900999768 /* Preview Assets.xcassets in Resources */ = {isa = PBXBuildFile; fileRef = 5FC669AE2B0FAB2900999768 /* Preview Assets.xcassets */; };
		5FC669B92B0FAB2900999768 /* light_switchTests.swift in Sources */ = {isa = PBXBuildFile; fileRef = 5FC669B82B0FAB2900999768 /* light_switchTests.swift */; };
		5FC669C32B0FAB2900999768 /* light_switchUITests.swift in Sources */ = {isa = PBXBuildFile; fileRef = 5FC669C22B0FAB2900999768 /* light_switchUITests.swift */; };
		5FC669C52B0FAB2900999768 /* light_switchUITestsLaunchTests.swift in Sources */ = {isa = PBXBuildFile; fileRef = 5FC669C42B0FAB2900999768 /* light_switchUITestsLaunchTests.swift */; };
/* End PBXBuildFile section */

/* Begin PBXContainerItemProxy section */
		5FC669B52B0FAB2900999768 /* PBXContainerItemProxy */ = {
			isa = PBXContainerItemProxy;
			containerPortal = 5FC6699A2B0FAB2800999768 /* Project object */;
			proxyType = 1;
			remoteGlobalIDString = 5FC669A12B0FAB2800999768;
			remoteInfo = "light-switch";
		};
		5FC669BF2B0FAB2900999768 /* PBXContainerItemProxy */ = {
			isa = PBXContainerItemProxy;
			containerPortal = 5FC6699A2B0FAB2800999768 /* Project object */;
			proxyType = 1;
			remoteGlobalIDString = 5FC669A12B0FAB2800999768;
			remoteInfo = "light-switch";
		};
/* End PBXContainerItemProxy section */

/* Begin PBXFileReference section */
		5FC669A22B0FAB2800999768 /* light-switch.app */ = {isa = PBXFileReference; explicitFileType = wrapper.application; includeInIndex = 0; path = "light-switch.app"; sourceTree = BUILT_PRODUCTS_DIR; };
		5FC669A52B0FAB2800999768 /* light_switchApp.swift */ = {isa = PBXFileReference; lastKnownFileType = sourcecode.swift; path = light_switchApp.swift; sourceTree = "<group>"; };
		5FC669A72B0FAB2800999768 /* ContentView.swift */ = {isa = PBXFileReference; lastKnownFileType = sourcecode.swift; path = ContentView.swift; sourceTree = "<group>"; };
		5FC669A92B0FAB2800999768 /* Item.swift */ = {isa = PBXFileReference; lastKnownFileType = sourcecode.swift; path = Item.swift; sourceTree = "<group>"; };
		5FC669AB2B0FAB2900999768 /* Assets.xcassets */ = {isa = PBXFileReference; lastKnownFileType = folder.assetcatalog; path = Assets.xcassets; sourceTree = "<group>"; };
		5FC669AE2B0FAB2900999768 /* Preview Assets.xcassets */ = {isa = PBXFileReference; lastKnownFileType = folder.assetcatalog; path = "Preview Assets.xcassets"; sourceTree = "<group>"; };
		5FC669B42B0FAB2900999768 /* light-switchTests.xctest */ = {isa = PBXFileReference; explicitFileType = wrapper.cfbundle; includeInIndex = 0; path = "light-switchTests.xctest"; sourceTree = BUILT_PRODUCTS_DIR; };
		5FC669B82B0FAB2900999768 /* light_switchTests.swift */ = {isa = PBXFileReference; lastKnownFileType = sourcecode.swift; path = light_switchTests.swift; sourceTree = "<group>"; };
		5FC669BE2B0FAB2900999768 /* light-switchUITests.xctest */ = {isa = PBXFileReference; explicitFileType = wrapper.cfbundle; includeInIndex = 0; path = "light-switchUITests.xctest"; sourceTree = BUILT_PRODUCTS_DIR; };
		5FC669C22B0FAB2900999768 /* light_switchUITests.swift */ = {isa = PBXFileReference; lastKnownFileType = sourcecode.swift; path = light_switchUITests.swift; sourceTree = "<group>"; };
		5FC669C42B0FAB2900999768 /* light_switchUITestsLaunchTests.swift */ = {isa = PBXFileReference; lastKnownFileType = sourcecode.swift; path = light_switchUITestsLaunchTests.swift; sourceTree = "<group>"; };
/* End PBXFileReference section */

/* Begin PBXFrameworksBuildPhase section */
		5FC6699F2B0FAB2800999768 /* Frameworks */ = {
			isa = PBXFrameworksBuildPhase;
			buildActionMask = 2147483647;
			files = (
			);
			runOnlyForDeploymentPostprocessing = 0;
		};
		5FC669B12B0FAB2900999768 /* Frameworks */ = {
			isa = PBXFrameworksBuildPhase;
			buildActionMask = 2147483647;
			files = (
			);
			runOnlyForDeploymentPostprocessing = 0;
		};
		5FC669BB2B0FAB2900999768 /* Frameworks */ = {
			isa = PBXFrameworksBuildPhase;
			buildActionMask = 2147483647;
			files = (
			);
			runOnlyForDeploymentPostprocessing = 0;
		};
/* End PBXFrameworksBuildPhase section */

/* Begin PBXGroup section */
		5FC669992B0FAB2800999768 = {
			isa = PBXGroup;
			children = (
				5FC669A42B0FAB2800999768 /* light-switch */,
				5FC669B72B0FAB2900999768 /* light-switchTests */,
				5FC669C12B0FAB2900999768 /* light-switchUITests */,
				5FC669A32B0FAB2800999768 /* Products */,
			);
			sourceTree = "<group>";
		};
		5FC669A32B0FAB2800999768 /* Products */ = {
			isa = PBXGroup;
			children = (
				5FC669A22B0FAB2800999768 /* light-switch.app */,
				5FC669B42B0FAB2900999768 /* light-switchTests.xctest */,
				5FC669BE2B0FAB2900999768 /* light-switchUITests.xctest */,
			);
			name = Products;
			sourceTree = "<group>";
		};
		5FC669A42B0FAB2800999768 /* light-switch */ = {
			isa = PBXGroup;
			children = (
				5FC669A52B0FAB2800999768 /* light_switchApp.swift */,
				5FC669A72B0FAB2800999768 /* ContentView.swift */,
				5FC669A92B0FAB2800999768 /* Item.swift */,
				5FC669AB2B0FAB2900999768 /* Assets.xcassets */,
				5FC669AD2B0FAB2900999768 /* Preview Content */,
			);
			path = "light-switch";
			sourceTree = "<group>";
		};
		5FC669AD2B0FAB2900999768 /* Preview Content */ = {
			isa = PBXGroup;
			children = (
				5FC669AE2B0FAB2900999768 /* Preview Assets.xcassets */,
			);
			path = "Preview Content";
			sourceTree = "<group>";
		};
		5FC669B72B0FAB2900999768 /* light-switchTests */ = {
			isa = PBXGroup;
			children = (
				5FC669B82B0FAB2900999768 /* light_switchTests.swift */,
			);
			path = "light-switchTests";
			sourceTree = "<group>";
		};
		5FC669C12B0FAB2900999768 /* light-switchUITests */ = {
			isa = PBXGroup;
			children = (
				5FC669C22B0FAB2900999768 /* light_switchUITests.swift */,
				5FC669C42B0FAB2900999768 /* light_switchUITestsLaunchTests.swift */,
			);
			path = "light-switchUITests";
			sourceTree = "<group>";
		};
/* End PBXGroup section */

/* Begin PBXNativeTarget section */
		5FC669A12B0FAB2800999768 /* light-switch */ = {
			isa = PBXNativeTarget;
			buildConfigurationList = 5FC669C82B0FAB2900999768 /* Build configuration list for PBXNativeTarget "light-switch" */;
			buildPhases = (
				5FC6699E2B0FAB2800999768 /* Sources */,
				5FC6699F2B0FAB2800999768 /* Frameworks */,
				5FC669A02B0FAB2800999768 /* Resources */,
			);
			buildRules = (
			);
			dependencies = (
			);
			name = "light-switch";
			productName = "light-switch";
			productReference = 5FC669A22B0FAB2800999768 /* light-switch.app */;
			productType = "com.apple.product-type.application";
		};
		5FC669B32B0FAB2900999768 /* light-switchTests */ = {
			isa = PBXNativeTarget;
			buildConfigurationList = 5FC669CB2B0FAB2900999768 /* Build configuration list for PBXNativeTarget "light-switchTests" */;
			buildPhases = (
				5FC669B02B0FAB2900999768 /* Sources */,
				5FC669B12B0FAB2900999768 /* Frameworks */,
				5FC669B22B0FAB2900999768 /* Resources */,
			);
			buildRules = (
			);
			dependencies = (
				5FC669B62B0FAB2900999768 /* PBXTargetDependency */,
			);
			name = "light-switchTests";
			productName = "light-switchTests";
			productReference = 5FC669B42B0FAB2900999768 /* light-switchTests.xctest */;
			productType = "com.apple.product-type.bundle.unit-test";
		};
		5FC669BD2B0FAB2900999768 /* light-switchUITests */ = {
			isa = PBXNativeTarget;
			buildConfigurationList = 5FC669CE2B0FAB2900999768 /* Build configuration list for PBXNativeTarget "light-switchUITests" */;
			buildPhases = (
				5FC669BA2B0FAB2900999768 /* Sources */,
				5FC669BB2B0FAB2900999768 /* Frameworks */,
				5FC669BC2B0FAB2900999768 /* Resources */,
			);
			buildRules = (
			);
			dependencies = (
				5FC669C02B0FAB2900999768 /* PBXTargetDependency */,
			);
			name = "light-switchUITests";
			productName = "light-switchUITests";
			productReference = 5FC669BE2B0FAB2900999768 /* light-switchUITests.xctest */;
			productType = "com.apple.product-type.bundle.ui-testing";
		};
/* End PBXNativeTarget section */

/* Begin PBXProject section */
		5FC6699A2B0FAB2800999768 /* Project object */ = {
			isa = PBXProject;
			attributes = {
				BuildIndependentTargetsInParallel = 1;
				LastSwiftUpdateCheck = 1500;
				LastUpgradeCheck = 1500;
				TargetAttributes = {
					5FC669A12B0FAB2800999768 = {
						CreatedOnToolsVersion = 15.0.1;
					};
					5FC669B32B0FAB2900999768 = {
						CreatedOnToolsVersion = 15.0.1;
						TestTargetID = 5FC669A12B0FAB2800999768;
					};
					5FC669BD2B0FAB2900999768 = {
						CreatedOnToolsVersion = 15.0.1;
						TestTargetID = 5FC669A12B0FAB2800999768;
					};
				};
			};
			buildConfigurationList = 5FC6699D2B0FAB2800999768 /* Build configuration list for PBXProject "light-switch" */;
			compatibilityVersion = "Xcode 14.0";
			developmentRegion = en;
			hasScannedForEncodings = 0;
			knownRegions = (
				en,
				Base,
			);
			mainGroup = 5FC669992B0FAB2800999768;
			productRefGroup = 5FC669A32B0FAB2800999768 /* Products */;
			projectDirPath = "";
			projectRoot = "";
			targets = (
				5FC669A12B0FAB2800999768 /* light-switch */,
				5FC669B32B0FAB2900999768 /* light-switchTests */,
				5FC669BD2B0FAB2900999768 /* light-switchUITests */,
			);
		};
/* End PBXProject section */

/* Begin PBXResourcesBuildPhase section */
		5FC669A02B0FAB2800999768 /* Resources */ = {
			isa = PBXResourcesBuildPhase;
			buildActionMask = 2147483647;
			files = (
				5FC669AF2B0FAB2900999768 /* Preview Assets.xcassets in Resources */,
				5FC669AC2B0FAB2900999768 /* Assets.xcassets in Resources */,
			);
			runOnlyForDeploymentPostprocessing = 0;
		};
		5FC669B22B0FAB2900999768 /* Resources */ = {
			isa = PBXResourcesBuildPhase;
			buildActionMask = 2147483647;
			files = (
			);
			runOnlyForDeploymentPostprocessing = 0;
		};
		5FC669BC2B0FAB2900999768 /* Resources */ = {
			isa = PBXResourcesBuildPhase;
			buildActionMask = 2147483647;
			files = (
			);
			runOnlyForDeploymentPostprocessing = 0;
		};
/* End PBXResourcesBuildPhase section */

/* Begin PBXSourcesBuildPhase section */
		5FC6699E2B0FAB2800999768 /* Sources */ = {
			isa = PBXSourcesBuildPhase;
			buildActionMask = 2147483647;
			files = (
				5FC669A82B0FAB2800999768 /* ContentView.swift in Sources */,
				5FC669AA2B0FAB2800999768 /* Item.swift in Sources */,
				5FC669A62B0FAB2800999768 /* light_switchApp.swift in Sources */,
			);
			runOnlyForDeploymentPostprocessing = 0;
		};
		5FC669B02B0FAB2900999768 /* Sources */ = {
			isa = PBXSourcesBuildPhase;
			buildActionMask = 2147483647;
			files = (
				5FC669B92B0FAB2900999768 /* light_switchTests.swift in Sources */,
			);
			runOnlyForDeploymentPostprocessing = 0;
		};
		5FC669BA2B0FAB2900999768 /* Sources */ = {
			isa = PBXSourcesBuildPhase;
			buildActionMask = 2147483647;
			files = (
				5FC669C32B0FAB2900999768 /* light_switchUITests.swift in Sources */,
				5FC669C52B0FAB2900999768 /* light_switchUITestsLaunchTests.swift in Sources */,
			);
			runOnlyForDeploymentPostprocessing = 0;
		};
/* End PBXSourcesBuildPhase section */

/* Begin PBXTargetDependency section */
		5FC669B62B0FAB2900999768 /* PBXTargetDependency */ = {
			isa = PBXTargetDependency;
			target = 5FC669A12B0FAB2800999768 /* light-switch */;
			targetProxy = 5FC669B52B0FAB2900999768 /* PBXContainerItemProxy */;
		};
		5FC669C02B0FAB2900999768 /* PBXTargetDependency */ = {
			isa = PBXTargetDependency;
			target = 5FC669A12B0FAB2800999768 /* light-switch */;
			targetProxy = 5FC669BF2B0FAB2900999768 /* PBXContainerItemProxy */;
		};
/* End PBXTargetDependency section */

/* Begin XCBuildConfiguration section */
		5FC669C62B0FAB2900999768 /* Debug */ = {
			isa = XCBuildConfiguration;
			buildSettings = {
				ALWAYS_SEARCH_USER_PATHS = NO;
				ASSETCATALOG_COMPILER_GENERATE_SWIFT_ASSET_SYMBOL_EXTENSIONS = YES;
				CLANG_ANALYZER_NONNULL = YES;
				CLANG_ANALYZER_NUMBER_OBJECT_CONVERSION = YES_AGGRESSIVE;
				CLANG_CXX_LANGUAGE_STANDARD = "gnu++20";
				CLANG_ENABLE_MODULES = YES;
				CLANG_ENABLE_OBJC_ARC = YES;
				CLANG_ENABLE_OBJC_WEAK = YES;
				CLANG_WARN_BLOCK_CAPTURE_AUTORELEASING = YES;
				CLANG_WARN_BOOL_CONVERSION = YES;
				CLANG_WARN_COMMA = YES;
				CLANG_WARN_CONSTANT_CONVERSION = YES;
				CLANG_WARN_DEPRECATED_OBJC_IMPLEMENTATIONS = YES;
				CLANG_WARN_DIRECT_OBJC_ISA_USAGE = YES_ERROR;
				CLANG_WARN_DOCUMENTATION_COMMENTS = YES;
				CLANG_WARN_EMPTY_BODY = YES;
				CLANG_WARN_ENUM_CONVERSION = YES;
				CLANG_WARN_INFINITE_RECURSION = YES;
				CLANG_WARN_INT_CONVERSION = YES;
				CLANG_WARN_NON_LITERAL_NULL_CONVERSION = YES;
				CLANG_WARN_OBJC_IMPLICIT_RETAIN_SELF = YES;
				CLANG_WARN_OBJC_LITERAL_CONVERSION = YES;
				CLANG_WARN_OBJC_ROOT_CLASS = YES_ERROR;
				CLANG_WARN_QUOTED_INCLUDE_IN_FRAMEWORK_HEADER = YES;
				CLANG_WARN_RANGE_LOOP_ANALYSIS = YES;
				CLANG_WARN_STRICT_PROTOTYPES = YES;
				CLANG_WARN_SUSPICIOUS_MOVE = YES;
				CLANG_WARN_UNGUARDED_AVAILABILITY = YES_AGGRESSIVE;
				CLANG_WARN_UNREACHABLE_CODE = YES;
				CLANG_WARN__DUPLICATE_METHOD_MATCH = YES;
				COPY_PHASE_STRIP = NO;
				DEBUG_INFORMATION_FORMAT = dwarf;
				ENABLE_STRICT_OBJC_MSGSEND = YES;
				ENABLE_TESTABILITY = YES;
				ENABLE_USER_SCRIPT_SANDBOXING = YES;
				GCC_C_LANGUAGE_STANDARD = gnu17;
				GCC_DYNAMIC_NO_PIC = NO;
				GCC_NO_COMMON_BLOCKS = YES;
				GCC_OPTIMIZATION_LEVEL = 0;
				GCC_PREPROCESSOR_DEFINITIONS = (
					"DEBUG=1",
					"$(inherited)",
				);
				GCC_WARN_64_TO_32_BIT_CONVERSION = YES;
				GCC_WARN_ABOUT_RETURN_TYPE = YES_ERROR;
				GCC_WARN_UNDECLARED_SELECTOR = YES;
				GCC_WARN_UNINITIALIZED_AUTOS = YES_AGGRESSIVE;
				GCC_WARN_UNUSED_FUNCTION = YES;
				GCC_WARN_UNUSED_VARIABLE = YES;
				IPHONEOS_DEPLOYMENT_TARGET = 17.0;
				LOCALIZATION_PREFERS_STRING_CATALOGS = YES;
				MTL_ENABLE_DEBUG_INFO = INCLUDE_SOURCE;
				MTL_FAST_MATH = YES;
				ONLY_ACTIVE_ARCH = YES;
				SDKROOT = iphoneos;
				SWIFT_ACTIVE_COMPILATION_CONDITIONS = "DEBUG $(inherited)";
				SWIFT_OPTIMIZATION_LEVEL = "-Onone";
			};
			name = Debug;
		};
		5FC669C72B0FAB2900999768 /* Release */ = {
			isa = XCBuildConfiguration;
			buildSettings = {
				ALWAYS_SEARCH_USER_PATHS = NO;
				ASSETCATALOG_COMPILER_GENERATE_SWIFT_ASSET_SYMBOL_EXTENSIONS = YES;
				CLANG_ANALYZER_NONNULL = YES;
				CLANG_ANALYZER_NUMBER_OBJECT_CONVERSION = YES_AGGRESSIVE;
				CLANG_CXX_LANGUAGE_STANDARD = "gnu++20";
				CLANG_ENABLE_MODULES = YES;
				CLANG_ENABLE_OBJC_ARC = YES;
				CLANG_ENABLE_OBJC_WEAK = YES;
				CLANG_WARN_BLOCK_CAPTURE_AUTORELEASING = YES;
				CLANG_WARN_BOOL_CONVERSION = YES;
				CLANG_WARN_COMMA = YES;
				CLANG_WARN_CONSTANT_CONVERSION = YES;
				CLANG_WARN_DEPRECATED_OBJC_IMPLEMENTATIONS = YES;
				CLANG_WARN_DIRECT_OBJC_ISA_USAGE = YES_ERROR;
				CLANG_WARN_DOCUMENTATION_COMMENTS = YES;
				CLANG_WARN_EMPTY_BODY = YES;
				CLANG_WARN_ENUM_CONVERSION = YES;
				CLANG_WARN_INFINITE_RECURSION = YES;
				CLANG_WARN_INT_CONVERSION = YES;
				CLANG_WARN_NON_LITERAL_NULL_CONVERSION = YES;
				CLANG_WARN_OBJC_IMPLICIT_RETAIN_SELF = YES;
				CLANG_WARN_OBJC_LITERAL_CONVERSION = YES;
				CLANG_WARN_OBJC_ROOT_CLASS = YES_ERROR;
				CLANG_WARN_QUOTED_INCLUDE_IN_FRAMEWORK_HEADER = YES;
				CLANG_WARN_RANGE_LOOP_ANALYSIS = YES;
				CLANG_WARN_STRICT_PROTOTYPES = YES;
				CLANG_WARN_SUSPICIOUS_MOVE = YES;
				CLANG_WARN_UNGUARDED_AVAILABILITY = YES_AGGRESSIVE;
				CLANG_WARN_UNREACHABLE_CODE = YES;
				CLANG_WARN__DUPLICATE_METHOD_MATCH = YES;
				COPY_PHASE_STRIP = NO;
				DEBUG_INFORMATION_FORMAT = "dwarf-with-dsym";
				ENABLE_NS_ASSERTIONS = NO;
				ENABLE_STRICT_OBJC_MSGSEND = YES;
				ENABLE_USER_SCRIPT_SANDBOXING = YES;
				GCC_C_LANGUAGE_STANDARD = gnu17;
				GCC_NO_COMMON_BLOCKS = YES;
				GCC_WARN_64_TO_32_BIT_CONVERSION = YES;
				GCC_WARN_ABOUT_RETURN_TYPE = YES_ERROR;
				GCC_WARN_UNDECLARED_SELECTOR = YES;
				GCC_WARN_UNINITIALIZED_AUTOS = YES_AGGRESSIVE;
				GCC_WARN_UNUSED_FUNCTION = YES;
				GCC_WARN_UNUSED_VARIABLE = YES;
				IPHONEOS_DEPLOYMENT_TARGET = 17.0;
				LOCALIZATION_PREFERS_STRING_CATALOGS = YES;
				MTL_ENABLE_DEBUG_INFO = NO;
				MTL_FAST_MATH = YES;
				SDKROOT = iphoneos;
				SWIFT_COMPILATION_MODE = wholemodule;
				VALIDATE_PRODUCT = YES;
			};
			name = Release;
		};
		5FC669C92B0FAB2900999768 /* Debug */ = {
			isa = XCBuildConfiguration;
			buildSettings = {
				ASSETCATALOG_COMPILER_APPICON_NAME = AppIcon;
				ASSETCATALOG_COMPILER_GLOBAL_ACCENT_COLOR_NAME = AccentColor;
				CODE_SIGN_STYLE = Automatic;
				CURRENT_PROJECT_VERSION = 1;
				DEVELOPMENT_ASSET_PATHS = "\"light-switch/Preview Content\"";
				DEVELOPMENT_TEAM = 8T75SS98M8;
				ENABLE_PREVIEWS = YES;
				GENERATE_INFOPLIST_FILE = YES;
				INFOPLIST_KEY_UIApplicationSceneManifest_Generation = YES;
				INFOPLIST_KEY_UIApplicationSupportsIndirectInputEvents = YES;
				INFOPLIST_KEY_UILaunchScreen_Generation = YES;
				INFOPLIST_KEY_UISupportedInterfaceOrientations_iPad = "UIInterfaceOrientationPortrait UIInterfaceOrientationPortraitUpsideDown UIInterfaceOrientationLandscapeLeft UIInterfaceOrientationLandscapeRight";
				INFOPLIST_KEY_UISupportedInterfaceOrientations_iPhone = "UIInterfaceOrientationPortrait UIInterfaceOrientationLandscapeLeft UIInterfaceOrientationLandscapeRight";
				LD_RUNPATH_SEARCH_PATHS = (
					"$(inherited)",
					"@executable_path/Frameworks",
				);
				MARKETING_VERSION = 1.0;
				PRODUCT_BUNDLE_IDENTIFIER = "fi.goodconsulting.light-switch";
				PRODUCT_NAME = "$(TARGET_NAME)";
				SWIFT_EMIT_LOC_STRINGS = YES;
				SWIFT_VERSION = 5.0;
				TARGETED_DEVICE_FAMILY = "1,2";
			};
			name = Debug;
		};
		5FC669CA2B0FAB2900999768 /* Release */ = {
			isa = XCBuildConfiguration;
			buildSettings = {
				ASSETCATALOG_COMPILER_APPICON_NAME = AppIcon;
				ASSETCATALOG_COMPILER_GLOBAL_ACCENT_COLOR_NAME = AccentColor;
				CODE_SIGN_STYLE = Automatic;
				CURRENT_PROJECT_VERSION = 1;
				DEVELOPMENT_ASSET_PATHS = "\"light-switch/Preview Content\"";
				DEVELOPMENT_TEAM = 8T75SS98M8;
				ENABLE_PREVIEWS = YES;
				GENERATE_INFOPLIST_FILE = YES;
				INFOPLIST_KEY_UIApplicationSceneManifest_Generation = YES;
				INFOPLIST_KEY_UIApplicationSupportsIndirectInputEvents = YES;
				INFOPLIST_KEY_UILaunchScreen_Generation = YES;
				INFOPLIST_KEY_UISupportedInterfaceOrientations_iPad = "UIInterfaceOrientationPortrait UIInterfaceOrientationPortraitUpsideDown UIInterfaceOrientationLandscapeLeft UIInterfaceOrientationLandscapeRight";
				INFOPLIST_KEY_UISupportedInterfaceOrientations_iPhone = "UIInterfaceOrientationPortrait UIInterfaceOrientationLandscapeLeft UIInterfaceOrientationLandscapeRight";
				LD_RUNPATH_SEARCH_PATHS = (
					"$(inherited)",
					"@executable_path/Frameworks",
				);
				MARKETING_VERSION = 1.0;
				PRODUCT_BUNDLE_IDENTIFIER = "fi.goodconsulting.light-switch";
				PRODUCT_NAME = "$(TARGET_NAME)";
				SWIFT_EMIT_LOC_STRINGS = YES;
				SWIFT_VERSION = 5.0;
				TARGETED_DEVICE_FAMILY = "1,2";
			};
			name = Release;
		};
		5FC669CC2B0FAB2900999768 /* Debug */ = {
			isa = XCBuildConfiguration;
			buildSettings = {
				ALWAYS_EMBED_SWIFT_STANDARD_LIBRARIES = YES;
				BUNDLE_LOADER = "$(TEST_HOST)";
				CODE_SIGN_STYLE = Automatic;
				CURRENT_PROJECT_VERSION = 1;
				DEVELOPMENT_TEAM = DCGZ38S8Q6;
				GENERATE_INFOPLIST_FILE = YES;
				IPHONEOS_DEPLOYMENT_TARGET = 17.0;
				MARKETING_VERSION = 1.0;
				PRODUCT_BUNDLE_IDENTIFIER = "com.goodconsulting.light-switchTests";
				PRODUCT_NAME = "$(TARGET_NAME)";
				SWIFT_EMIT_LOC_STRINGS = NO;
				SWIFT_VERSION = 5.0;
				TARGETED_DEVICE_FAMILY = "1,2";
				TEST_HOST = "$(BUILT_PRODUCTS_DIR)/light-switch.app/$(BUNDLE_EXECUTABLE_FOLDER_PATH)/light-switch";
			};
			name = Debug;
		};
		5FC669CD2B0FAB2900999768 /* Release */ = {
			isa = XCBuildConfiguration;
			buildSettings = {
				ALWAYS_EMBED_SWIFT_STANDARD_LIBRARIES = YES;
				BUNDLE_LOADER = "$(TEST_HOST)";
				CODE_SIGN_STYLE = Automatic;
				CURRENT_PROJECT_VERSION = 1;
				DEVELOPMENT_TEAM = DCGZ38S8Q6;
				GENERATE_INFOPLIST_FILE = YES;
				IPHONEOS_DEPLOYMENT_TARGET = 17.0;
				MARKETING_VERSION = 1.0;
				PRODUCT_BUNDLE_IDENTIFIER = "com.goodconsulting.light-switchTests";
				PRODUCT_NAME = "$(TARGET_NAME)";
				SWIFT_EMIT_LOC_STRINGS = NO;
				SWIFT_VERSION = 5.0;
				TARGETED_DEVICE_FAMILY = "1,2";
				TEST_HOST = "$(BUILT_PRODUCTS_DIR)/light-switch.app/$(BUNDLE_EXECUTABLE_FOLDER_PATH)/light-switch";
			};
			name = Release;
		};
		5FC669CF2B0FAB2900999768 /* Debug */ = {
			isa = XCBuildConfiguration;
			buildSettings = {
				ALWAYS_EMBED_SWIFT_STANDARD_LIBRARIES = YES;
				CODE_SIGN_STYLE = Automatic;
				CURRENT_PROJECT_VERSION = 1;
				DEVELOPMENT_TEAM = DCGZ38S8Q6;
				GENERATE_INFOPLIST_FILE = YES;
				MARKETING_VERSION = 1.0;
				PRODUCT_BUNDLE_IDENTIFIER = "com.goodconsulting.light-switchUITests";
				PRODUCT_NAME = "$(TARGET_NAME)";
				SWIFT_EMIT_LOC_STRINGS = NO;
				SWIFT_VERSION = 5.0;
				TARGETED_DEVICE_FAMILY = "1,2";
				TEST_TARGET_NAME = "light-switch";
			};
			name = Debug;
		};
		5FC669D02B0FAB2900999768 /* Release */ = {
			isa = XCBuildConfiguration;
			buildSettings = {
				ALWAYS_EMBED_SWIFT_STANDARD_LIBRARIES = YES;
				CODE_SIGN_STYLE = Automatic;
				CURRENT_PROJECT_VERSION = 1;
				DEVELOPMENT_TEAM = DCGZ38S8Q6;
				GENERATE_INFOPLIST_FILE = YES;
				MARKETING_VERSION = 1.0;
				PRODUCT_BUNDLE_IDENTIFIER = "com.goodconsulting.light-switchUITests";
				PRODUCT_NAME = "$(TARGET_NAME)";
				SWIFT_EMIT_LOC_STRINGS = NO;
				SWIFT_VERSION = 5.0;
				TARGETED_DEVICE_FAMILY = "1,2";
				TEST_TARGET_NAME = "light-switch";
			};
			name = Release;
		};
/* End XCBuildConfiguration section */

/* Begin XCConfigurationList section */
		5FC6699D2B0FAB2800999768 /* Build configuration list for PBXProject "light-switch" */ = {
			isa = XCConfigurationList;
			buildConfigurations = (
				5FC669C62B0FAB2900999768 /* Debug */,
				5FC669C72B0FAB2900999768 /* Release */,
			);
			defaultConfigurationIsVisible = 0;
			defaultConfigurationName = Release;
		};
		5FC669C82B0FAB2900999768 /* Build configuration list for PBXNativeTarget "light-switch" */ = {
			isa = XCConfigurationList;
			buildConfigurations = (
				5FC669C92B0FAB2900999768 /* Debug */,
				5FC669CA2B0FAB2900999768 /* Release */,
			);
			defaultConfigurationIsVisible = 0;
			defaultConfigurationName = Release;
		};
		5FC669CB2B0FAB2900999768 /* Build configuration list for PBXNativeTarget "light-switchTests" */ = {
			isa = XCConfigurationList;
			buildConfigurations = (
				5FC669CC2B0FAB2900999768 /* Debug */,
				5FC669CD2B0FAB2900999768 /* Release */,
			);
			defaultConfigurationIsVisible = 0;
			defaultConfigurationName = Release;
		};
		5FC669CE2B0FAB2900999768 /* Build configuration list for PBXNativeTarget "light-switchUITests" */ = {
			isa = XCConfigurationList;
			buildConfigurations = (
				5FC669CF2B0FAB2900999768 /* Debug */,
				5FC669D02B0FAB2900999768 /* Release */,
			);
			defaultConfigurationIsVisible = 0;
			defaultConfigurationName = Release;
		};
/* End XCConfigurationList section */
	};
	rootObject = 5FC6699A2B0FAB2800999768 /* Project object */;
}
